{
  "name": "ljudio",
  "lockfileVersion": 2,
  "requires": true,
  "packages": {
    "node_modules/@babel/helper-validator-identifier": {
      "extraneous": true
    },
    "node_modules/@babel/parser": {
      "extraneous": true
    },
    "node_modules/@babel/types": {
      "extraneous": true
    },
    "node_modules/@types/estree": {
      "extraneous": true
    },
    "node_modules/@vitejs/plugin-vue": {
      "extraneous": true
    },
    "node_modules/@vue/compiler-core": {
      "extraneous": true
    },
    "node_modules/@vue/compiler-dom": {
      "extraneous": true
    },
    "node_modules/@vue/compiler-sfc": {
      "extraneous": true
    },
    "node_modules/@vue/compiler-ssr": {
      "extraneous": true
    },
    "node_modules/@vue/devtools-api": {
      "extraneous": true
    },
    "node_modules/@vue/reactivity": {
      "extraneous": true
    },
    "node_modules/@vue/ref-transform": {
      "extraneous": true
    },
    "node_modules/@vue/runtime-core": {
      "extraneous": true
    },
    "node_modules/@vue/runtime-dom": {
      "extraneous": true
    },
    "node_modules/@vue/shared": {
      "extraneous": true
    },
    "node_modules/big.js": {
      "extraneous": true
    },
    "node_modules/bluebird": {
      "extraneous": true
    },
    "node_modules/colorette": {
      "extraneous": true
    },
    "node_modules/consolidate": {
      "extraneous": true
    },
    "node_modules/cssesc": {
      "extraneous": true
    },
    "node_modules/csstype": {
      "extraneous": true
    },
    "node_modules/emojis-list": {
      "extraneous": true
    },
    "node_modules/esbuild": {
      "extraneous": true
    },
    "node_modules/estree-walker": {
      "extraneous": true
    },
    "node_modules/fsevents": {
      "extraneous": true
    },
    "node_modules/function-bind": {
      "extraneous": true
    },
    "node_modules/generic-names": {
      "extraneous": true
    },
    "node_modules/has": {
      "extraneous": true
    },
    "node_modules/hash-sum": {
      "extraneous": true
    },
    "node_modules/icss-replace-symbols": {
      "extraneous": true
    },
    "node_modules/icss-utils": {
      "extraneous": true
    },
    "node_modules/is-core-module": {
      "extraneous": true
    },
    "node_modules/json5": {
      "extraneous": true
    },
    "node_modules/loader-utils": {
      "extraneous": true
    },
    "node_modules/lodash.camelcase": {
      "extraneous": true
    },
    "node_modules/lru-cache": {
      "extraneous": true
    },
    "node_modules/magic-string": {
      "extraneous": true
    },
    "node_modules/merge-source-map": {
      "extraneous": true
    },
    "node_modules/minimist": {
      "extraneous": true
    },
    "node_modules/nanoid": {
      "extraneous": true
    },
    "node_modules/path-parse": {
      "extraneous": true
    },
    "node_modules/postcss": {
      "extraneous": true
    },
    "node_modules/postcss-modules": {
      "extraneous": true
    },
    "node_modules/postcss-modules-extract-imports": {
      "extraneous": true
    },
    "node_modules/postcss-modules-local-by-default": {
      "extraneous": true
    },
    "node_modules/postcss-modules-scope": {
      "extraneous": true
    },
    "node_modules/postcss-modules-values": {
      "extraneous": true
    },
    "node_modules/postcss-selector-parser": {
      "extraneous": true
    },
    "node_modules/postcss-value-parser": {
      "extraneous": true
    },
    "node_modules/resolve": {
      "extraneous": true
    },
    "node_modules/rollup": {
      "extraneous": true
    },
    "node_modules/source-map": {
      "extraneous": true
    },
    "node_modules/source-map-js": {
      "extraneous": true
    },
    "node_modules/sourcemap-codec": {
      "extraneous": true
    },
    "node_modules/string-hash": {
      "extraneous": true
    },
    "node_modules/to-fast-properties": {
      "extraneous": true
    },
    "node_modules/util-deprecate": {
      "extraneous": true
    },
    "node_modules/vite": {
      "extraneous": true
    },
    "node_modules/vue": {
      "extraneous": true
    },
    "node_modules/vue-router": {
      "extraneous": true
    },
    "node_modules/vuex": {
      "extraneous": true
    },
    "node_modules/yallist": {
      "extraneous": true
    }
  },
  "dependencies": {
    "@babel/helper-validator-identifier": {
      "extraneous": true
    },
    "@babel/parser": {
      "extraneous": true
    },
    "@babel/types": {
      "extraneous": true
    },
    "@types/estree": {
      "extraneous": true
    },
    "@vitejs/plugin-vue": {
      "extraneous": true
    },
    "@vue/compiler-core": {
      "extraneous": true
    },
    "@vue/compiler-dom": {
      "extraneous": true
    },
    "@vue/compiler-sfc": {
      "extraneous": true
    },
    "@vue/compiler-ssr": {
      "extraneous": true
    },
    "@vue/devtools-api": {
      "extraneous": true
    },
    "@vue/reactivity": {
      "extraneous": true
    },
    "@vue/ref-transform": {
      "extraneous": true
    },
    "@vue/runtime-core": {
      "extraneous": true
    },
    "@vue/runtime-dom": {
      "extraneous": true
    },
    "@vue/shared": {
      "extraneous": true
    },
    "big.js": {
      "extraneous": true
    },
    "bluebird": {
      "extraneous": true
    },
    "colorette": {
      "extraneous": true
    },
    "consolidate": {
      "extraneous": true
    },
    "cssesc": {
      "extraneous": true
    },
    "csstype": {
      "extraneous": true
    },
    "emojis-list": {
      "extraneous": true
    },
    "esbuild": {
      "extraneous": true
    },
    "estree-walker": {
      "extraneous": true
    },
    "fsevents": {
      "extraneous": true
    },
    "function-bind": {
      "extraneous": true
    },
    "generic-names": {
      "extraneous": true
    },
    "has": {
      "extraneous": true
    },
    "hash-sum": {
      "extraneous": true
    },
    "icss-replace-symbols": {
      "extraneous": true
    },
    "icss-utils": {
      "extraneous": true
    },
    "is-core-module": {
      "extraneous": true
    },
    "json5": {
      "extraneous": true
    },
    "loader-utils": {
      "extraneous": true
    },
    "lodash.camelcase": {
      "extraneous": true
    },
    "lru-cache": {
      "extraneous": true
    },
    "magic-string": {
      "extraneous": true
    },
    "merge-source-map": {
      "extraneous": true
    },
    "minimist": {
      "extraneous": true
    },
    "nanoid": {
      "extraneous": true
    },
    "path-parse": {
      "extraneous": true
    },
    "postcss": {
      "extraneous": true
    },
    "postcss-modules": {
      "extraneous": true
    },
    "postcss-modules-extract-imports": {
      "extraneous": true
    },
    "postcss-modules-local-by-default": {
      "extraneous": true
    },
    "postcss-modules-scope": {
      "extraneous": true
    },
    "postcss-modules-values": {
      "extraneous": true
    },
    "postcss-selector-parser": {
      "extraneous": true
    },
    "postcss-value-parser": {
      "extraneous": true
    },
    "resolve": {
      "extraneous": true
    },
    "rollup": {
      "extraneous": true
    },
    "source-map": {
      "extraneous": true
    },
    "source-map-js": {
      "extraneous": true
    },
    "sourcemap-codec": {
      "extraneous": true
    },
    "string-hash": {
      "extraneous": true
    },
    "to-fast-properties": {
      "extraneous": true
    },
    "util-deprecate": {
      "extraneous": true
    },
    "vite": {
      "extraneous": true
    },
    "vue": {
      "extraneous": true
    },
    "vue-router": {
      "extraneous": true
    },
    "vuex": {
      "extraneous": true
    },
    "yallist": {
      "extraneous": true
    }
  }
}
